{
  "version": 4,
  "terraform_version": "0.12.21",
  "serial": 1,
  "lineage": "7241eab9-cecc-ab66-229c-13dd7977e3cf",
  "outputs": {},
  "resources": [
    {
      "mode": "managed",
      "type": "random_id",
      "name": "instance_id",
      "provider": "provider.random",
      "instances": [
        {
          "schema_version": 0,
          "attributes": {
            "b64": "5RwUnMeB_Rs",
            "b64_std": "5RwUnMeB/Rs=",
            "b64_url": "5RwUnMeB_Rs",
            "byte_length": 8,
            "dec": "16509092997628034331",
            "hex": "e51c149cc781fd1b",
            "id": "5RwUnMeB_Rs",
            "keepers": null,
            "prefix": null
          },
          "private": "bnVsbA=="
        }
      ]
    }
  ]
}
